
Microsoft Visual Studio Solution File, Format Version 12.00
# Visual Studio Version 17
VisualStudioVersion = 17.2.32526.322
MinimumVisualStudioVersion = 10.0.40219.1
Project("{FAE04EC0-301F-11D3-BF4B-00C04F79EFBC}") = "SwaggerExample", "SwaggerExample\SwaggerExample.csproj", "{2FA9D7F4-95A9-47EC-BC0D-5853A5337715}"
EndProject
Global
	GlobalSection(SolutionConfigurationPlatforms) = preSolution
		Debug|Any CPU = Debug|Any CPU
		Release|Any CPU = Release|Any CPU
	EndGlobalSection
	GlobalSection(ProjectConfigurationPlatforms) = postSolution
		{2FA9D7F4-95A9-47EC-BC0D-5853A5337715}.Debug|Any CPU.ActiveCfg = Debug|Any CPU
		{2FA9D7F4-95A9-47EC-BC0D-5853A5337715}.Debug|Any CPU.Build.0 = Debug|Any CPU
		{2FA9D7F4-95A9-47EC-BC0D-5853A5337715}.Release|Any CPU.ActiveCfg = Release|Any CPU
		{2FA9D7F4-95A9-47EC-BC0D-5853A5337715}.Release|Any CPU.Build.0 = Release|Any CPU
	EndGlobalSection
	GlobalSection(SolutionProperties) = preSolution
		HideSolutionNode = FALSE
	EndGlobalSection
	GlobalSection(ExtensibilityGlobals) = postSolution
		SolutionGuid = {6283EBE8-1D52-40D7-954C-2D4E8D476042}
	EndGlobalSection
EndGlobal
